
Microsoft Visual Studio Solution File, Format Version 12.00
# Visual Studio Version 17
VisualStudioVersion = 17.13.35919.96 d17.13
MinimumVisualStudioVersion = 10.0.40219.1
Project("{FAE04EC0-301F-11D3-BF4B-00C04F79EFBC}") = "Activity1", "Activity1\Activity1.csproj", "{74CB3638-80B9-48AE-A998-83DF52844870}"
EndProject
Global
	GlobalSection(SolutionConfigurationPlatforms) = preSolution
		Debug|Any CPU = Debug|Any CPU
		Release|Any CPU = Release|Any CPU
	EndGlobalSection
	GlobalSection(ProjectConfigurationPlatforms) = postSolution
		{74CB3638-80B9-48AE-A998-83DF52844870}.Debug|Any CPU.ActiveCfg = Debug|Any CPU
		{74CB3638-80B9-48AE-A998-83DF52844870}.Debug|Any CPU.Build.0 = Debug|Any CPU
		{74CB3638-80B9-48AE-A998-83DF52844870}.Release|Any CPU.ActiveCfg = Release|Any CPU
		{74CB3638-80B9-48AE-A998-83DF52844870}.Release|Any CPU.Build.0 = Release|Any CPU
	EndGlobalSection
	GlobalSection(SolutionProperties) = preSolution
		HideSolutionNode = FALSE
	EndGlobalSection
	GlobalSection(ExtensibilityGlobals) = postSolution
		SolutionGuid = {AB3AC729-B471-4DDF-86EB-9948C2807C9D}
	EndGlobalSection
EndGlobal
